// !$*UTF8*$!
{
	archiveVersion = 1;
	classes = {
	};
	objectVersion = 48;
	objects = {

/* Begin PBXBuildFile section */
		CF3FB79D2004379C004B9B6E /* AppDelegate.swift in Sources */ = {isa = PBXBuildFile; fileRef = CF3FB79C2004379C004B9B6E /* AppDelegate.swift */; };
		CF3FB79F2004379C004B9B6E /* ViewController.swift in Sources */ = {isa = PBXBuildFile; fileRef = CF3FB79E2004379C004B9B6E /* ViewController.swift */; };
		CF3FB7A22004379C004B9B6E /* Main.storyboard in Resources */ = {isa = PBXBuildFile; fileRef = CF3FB7A02004379C004B9B6E /* Main.storyboard */; };
		CF3FB7A42004379C004B9B6E /* Assets.xcassets in Resources */ = {isa = PBXBuildFile; fileRef = CF3FB7A32004379C004B9B6E /* Assets.xcassets */; };
		CF3FB7A72004379C004B9B6E /* LaunchScreen.storyboard in Resources */ = {isa = PBXBuildFile; fileRef = CF3FB7A52004379C004B9B6E /* LaunchScreen.storyboard */; };
		CF3FB7B22004379C004B9B6E /* BullseyeTests.swift in Sources */ = {isa = PBXBuildFile; fileRef = CF3FB7B12004379C004B9B6E /* BullseyeTests.swift */; };
		CF3FB7BD2004379C004B9B6E /* BullseyeUITests.swift in Sources */ = {isa = PBXBuildFile; fileRef = CF3FB7BC2004379C004B9B6E /* BullseyeUITests.swift */; };
/* End PBXBuildFile section */

/* Begin PBXContainerItemProxy section */
		CF3FB7AE2004379C004B9B6E /* PBXContainerItemProxy */ = {
			isa = PBXContainerItemProxy;
			containerPortal = CF3FB7912004379B004B9B6E /* Project object */;
			proxyType = 1;
			remoteGlobalIDString = CF3FB7982004379C004B9B6E;
			remoteInfo = Bullseye;
		};
		CF3FB7B92004379C004B9B6E /* PBXContainerItemProxy */ = {
			isa = PBXContainerItemProxy;
			containerPortal = CF3FB7912004379B004B9B6E /* Project object */;
			proxyType = 1;
			remoteGlobalIDString = CF3FB7982004379C004B9B6E;
			remoteInfo = Bullseye;
		};
/* End PBXContainerItemProxy section */

/* Begin PBXFileReference section */
		CF3FB7992004379C004B9B6E /* Bullseye.app */ = {isa = PBXFileReference; explicitFileType = wrapper.application; includeInIndex = 0; path = Bullseye.app; sourceTree = BUILT_PRODUCTS_DIR; };
		CF3FB79C2004379C004B9B6E /* AppDelegate.swift */ = {isa = PBXFileReference; lastKnownFileType = sourcecode.swift; path = AppDelegate.swift; sourceTree = "<group>"; };
		CF3FB79E2004379C004B9B6E /* ViewController.swift */ = {isa = PBXFileReference; lastKnownFileType = sourcecode.swift; path = ViewController.swift; sourceTree = "<group>"; };
		CF3FB7A12004379C004B9B6E /* Base */ = {isa = PBXFileReference; lastKnownFileType = file.storyboard; name = Base; path = Base.lproj/Main.storyboard; sourceTree = "<group>"; };
		CF3FB7A32004379C004B9B6E /* Assets.xcassets */ = {isa = PBXFileReference; lastKnownFileType = folder.assetcatalog; path = Assets.xcassets; sourceTree = "<group>"; };
		CF3FB7A62004379C004B9B6E /* Base */ = {isa = PBXFileReference; lastKnownFileType = file.storyboard; name = Base; path = Base.lproj/LaunchScreen.storyboard; sourceTree = "<group>"; };
		CF3FB7A82004379C004B9B6E /* Info.plist */ = {isa = PBXFileReference; lastKnownFileType = text.plist.xml; path = Info.plist; sourceTree = "<group>"; };
		CF3FB7AD2004379C004B9B6E /* BullseyeTests.xctest */ = {isa = PBXFileReference; explicitFileType = wrapper.cfbundle; includeInIndex = 0; path = BullseyeTests.xctest; sourceTree = BUILT_PRODUCTS_DIR; };
		CF3FB7B12004379C004B9B6E /* BullseyeTests.swift */ = {isa = PBXFileReference; lastKnownFileType = sourcecode.swift; path = BullseyeTests.swift; sourceTree = "<group>"; };
		CF3FB7B32004379C004B9B6E /* Info.plist */ = {isa = PBXFileReference; lastKnownFileType = text.plist.xml; path = Info.plist; sourceTree = "<group>"; };
		CF3FB7B82004379C004B9B6E /* BullseyeUITests.xctest */ = {isa = PBXFileReference; explicitFileType = wrapper.cfbundle; includeInIndex = 0; path = BullseyeUITests.xctest; sourceTree = BUILT_PRODUCTS_DIR; };
		CF3FB7BC2004379C004B9B6E /* BullseyeUITests.swift */ = {isa = PBXFileReference; lastKnownFileType = sourcecode.swift; path = BullseyeUITests.swift; sourceTree = "<group>"; };
		CF3FB7BE2004379C004B9B6E /* Info.plist */ = {isa = PBXFileReference; lastKnownFileType = text.plist.xml; path = Info.plist; sourceTree = "<group>"; };
/* End PBXFileReference section */

/* Begin PBXFrameworksBuildPhase section */
		CF3FB7962004379C004B9B6E /* Frameworks */ = {
			isa = PBXFrameworksBuildPhase;
			buildActionMask = 2147483647;
			files = (
			);
			runOnlyForDeploymentPostprocessing = 0;
		};
		CF3FB7AA2004379C004B9B6E /* Frameworks */ = {
			isa = PBXFrameworksBuildPhase;
			buildActionMask = 2147483647;
			files = (
			);
			runOnlyForDeploymentPostprocessing = 0;
		};
		CF3FB7B52004379C004B9B6E /* Frameworks */ = {
			isa = PBXFrameworksBuildPhase;
			buildActionMask = 2147483647;
			files = (
			);
			runOnlyForDeploymentPostprocessing = 0;
		};
/* End PBXFrameworksBuildPhase section */

/* Begin PBXGroup section */
		CF3FB7902004379B004B9B6E = {
			isa = PBXGroup;
			children = (
				CF3FB79B2004379C004B9B6E /* Bullseye */,
				CF3FB7B02004379C004B9B6E /* BullseyeTests */,
				CF3FB7BB2004379C004B9B6E /* BullseyeUITests */,
				CF3FB79A2004379C004B9B6E /* Products */,
			);
			sourceTree = "<group>";
		};
		CF3FB79A2004379C004B9B6E /* Products */ = {
			isa = PBXGroup;
			children = (
				CF3FB7992004379C004B9B6E /* Bullseye.app */,
				CF3FB7AD2004379C004B9B6E /* BullseyeTests.xctest */,
				CF3FB7B82004379C004B9B6E /* BullseyeUITests.xctest */,
			);
			name = Products;
			sourceTree = "<group>";
		};
		CF3FB79B2004379C004B9B6E /* Bullseye */ = {
			isa = PBXGroup;
			children = (
				CF3FB79C2004379C004B9B6E /* AppDelegate.swift */,
				CF3FB79E2004379C004B9B6E /* ViewController.swift */,
				CF3FB7A02004379C004B9B6E /* Main.storyboard */,
				CF3FB7A32004379C004B9B6E /* Assets.xcassets */,
				CF3FB7A52004379C004B9B6E /* LaunchScreen.storyboard */,
				CF3FB7A82004379C004B9B6E /* Info.plist */,
			);
			path = Bullseye;
			sourceTree = "<group>";
		};
		CF3FB7B02004379C004B9B6E /* BullseyeTests */ = {
			isa = PBXGroup;
			children = (
				CF3FB7B12004379C004B9B6E /* BullseyeTests.swift */,
				CF3FB7B32004379C004B9B6E /* Info.plist */,
			);
			path = BullseyeTests;
			sourceTree = "<group>";
		};
		CF3FB7BB2004379C004B9B6E /* BullseyeUITests */ = {
			isa = PBXGroup;
			children = (
				CF3FB7BC2004379C004B9B6E /* BullseyeUITests.swift */,
				CF3FB7BE2004379C004B9B6E /* Info.plist */,
			);
			path = BullseyeUITests;
			sourceTree = "<group>";
		};
/* End PBXGroup section */

/* Begin PBXNativeTarget section */
		CF3FB7982004379C004B9B6E /* Bullseye */ = {
			isa = PBXNativeTarget;
			buildConfigurationList = CF3FB7C12004379C004B9B6E /* Build configuration list for PBXNativeTarget "Bullseye" */;
			buildPhases = (
				CF3FB7952004379C004B9B6E /* Sources */,
				CF3FB7962004379C004B9B6E /* Frameworks */,
				CF3FB7972004379C004B9B6E /* Resources */,
			);
			buildRules = (
			);
			dependencies = (
			);
			name = Bullseye;
			productName = Bullseye;
			productReference = CF3FB7992004379C004B9B6E /* Bullseye.app */;
			productType = "com.apple.product-type.application";
		};
		CF3FB7AC2004379C004B9B6E /* BullseyeTests */ = {
			isa = PBXNativeTarget;
			buildConfigurationList = CF3FB7C42004379C004B9B6E /* Build configuration list for PBXNativeTarget "BullseyeTests" */;
			buildPhases = (
				CF3FB7A92004379C004B9B6E /* Sources */,
				CF3FB7AA2004379C004B9B6E /* Frameworks */,
				CF3FB7AB2004379C004B9B6E /* Resources */,
			);
			buildRules = (
			);
			dependencies = (
				CF3FB7AF2004379C004B9B6E /* PBXTargetDependency */,
			);
			name = BullseyeTests;
			productName = BullseyeTests;
			productReference = CF3FB7AD2004379C004B9B6E /* BullseyeTests.xctest */;
			productType = "com.apple.product-type.bundle.unit-test";
		};
		CF3FB7B72004379C004B9B6E /* BullseyeUITests */ = {
			isa = PBXNativeTarget;
			buildConfigurationList = CF3FB7C72004379C004B9B6E /* Build configuration list for PBXNativeTarget "BullseyeUITests" */;
			buildPhases = (
				CF3FB7B42004379C004B9B6E /* Sources */,
				CF3FB7B52004379C004B9B6E /* Frameworks */,
				CF3FB7B62004379C004B9B6E /* Resources */,
			);
			buildRules = (
			);
			dependencies = (
				CF3FB7BA2004379C004B9B6E /* PBXTargetDependency */,
			);
			name = BullseyeUITests;
			productName = BullseyeUITests;
			productReference = CF3FB7B82004379C004B9B6E /* BullseyeUITests.xctest */;
			productType = "com.apple.product-type.bundle.ui-testing";
		};
/* End PBXNativeTarget section */

/* Begin PBXProject section */
		CF3FB7912004379B004B9B6E /* Project object */ = {
			isa = PBXProject;
			attributes = {
				LastSwiftUpdateCheck = 0920;
				LastUpgradeCheck = 0920;
				ORGANIZATIONNAME = "Zachary Marston";
				TargetAttributes = {
					CF3FB7982004379C004B9B6E = {
						CreatedOnToolsVersion = 9.2;
						ProvisioningStyle = Automatic;
					};
					CF3FB7AC2004379C004B9B6E = {
						CreatedOnToolsVersion = 9.2;
						ProvisioningStyle = Automatic;
						TestTargetID = CF3FB7982004379C004B9B6E;
					};
					CF3FB7B72004379C004B9B6E = {
						CreatedOnToolsVersion = 9.2;
						ProvisioningStyle = Automatic;
						TestTargetID = CF3FB7982004379C004B9B6E;
					};
				};
			};
			buildConfigurationList = CF3FB7942004379B004B9B6E /* Build configuration list for PBXProject "Bullseye" */;
			compatibilityVersion = "Xcode 8.0";
			developmentRegion = en;
			hasScannedForEncodings = 0;
			knownRegions = (
				en,
				Base,
			);
			mainGroup = CF3FB7902004379B004B9B6E;
			productRefGroup = CF3FB79A2004379C004B9B6E /* Products */;
			projectDirPath = "";
			projectRoot = "";
			targets = (
				CF3FB7982004379C004B9B6E /* Bullseye */,
				CF3FB7AC2004379C004B9B6E /* BullseyeTests */,
				CF3FB7B72004379C004B9B6E /* BullseyeUITests */,
			);
		};
/* End PBXProject section */

/* Begin PBXResourcesBuildPhase section */
		CF3FB7972004379C004B9B6E /* Resources */ = {
			isa = PBXResourcesBuildPhase;
			buildActionMask = 2147483647;
			files = (
				CF3FB7A72004379C004B9B6E /* LaunchScreen.storyboard in Resources */,
				CF3FB7A42004379C004B9B6E /* Assets.xcassets in Resources */,
				CF3FB7A22004379C004B9B6E /* Main.storyboard in Resources */,
			);
			runOnlyForDeploymentPostprocessing = 0;
		};
		CF3FB7AB2004379C004B9B6E /* Resources */ = {
			isa = PBXResourcesBuildPhase;
			buildActionMask = 2147483647;
			files = (
			);
			runOnlyForDeploymentPostprocessing = 0;
		};
		CF3FB7B62004379C004B9B6E /* Resources */ = {
			isa = PBXResourcesBuildPhase;
			buildActionMask = 2147483647;
			files = (
			);
			runOnlyForDeploymentPostprocessing = 0;
		};
/* End PBXResourcesBuildPhase section */

/* Begin PBXSourcesBuildPhase section */
		CF3FB7952004379C004B9B6E /* Sources */ = {
			isa = PBXSourcesBuildPhase;
			buildActionMask = 2147483647;
			files = (
				CF3FB79F2004379C004B9B6E /* ViewController.swift in Sources */,
				CF3FB79D2004379C004B9B6E /* AppDelegate.swift in Sources */,
			);
			runOnlyForDeploymentPostprocessing = 0;
		};
		CF3FB7A92004379C004B9B6E /* Sources */ = {
			isa = PBXSourcesBuildPhase;
			buildActionMask = 2147483647;
			files = (
				CF3FB7B22004379C004B9B6E /* BullseyeTests.swift in Sources */,
			);
			runOnlyForDeploymentPostprocessing = 0;
		};
		CF3FB7B42004379C004B9B6E /* Sources */ = {
			isa = PBXSourcesBuildPhase;
			buildActionMask = 2147483647;
			files = (
				CF3FB7BD2004379C004B9B6E /* BullseyeUITests.swift in Sources */,
			);
			runOnlyForDeploymentPostprocessing = 0;
		};
/* End PBXSourcesBuildPhase section */

/* Begin PBXTargetDependency section */
		CF3FB7AF2004379C004B9B6E /* PBXTargetDependency */ = {
			isa = PBXTargetDependency;
			target = CF3FB7982004379C004B9B6E /* Bullseye */;
			targetProxy = CF3FB7AE2004379C004B9B6E /* PBXContainerItemProxy */;
		};
		CF3FB7BA2004379C004B9B6E /* PBXTargetDependency */ = {
			isa = PBXTargetDependency;
			target = CF3FB7982004379C004B9B6E /* Bullseye */;
			targetProxy = CF3FB7B92004379C004B9B6E /* PBXContainerItemProxy */;
		};
/* End PBXTargetDependency section */

/* Begin PBXVariantGroup section */
		CF3FB7A02004379C004B9B6E /* Main.storyboard */ = {
			isa = PBXVariantGroup;
			children = (
				CF3FB7A12004379C004B9B6E /* Base */,
			);
			name = Main.storyboard;
			sourceTree = "<group>";
		};
		CF3FB7A52004379C004B9B6E /* LaunchScreen.storyboard */ = {
			isa = PBXVariantGroup;
			children = (
				CF3FB7A62004379C004B9B6E /* Base */,
			);
			name = LaunchScreen.storyboard;
			sourceTree = "<group>";
		};
/* End PBXVariantGroup section */

/* Begin XCBuildConfiguration section */
		CF3FB7BF2004379C004B9B6E /* Debug */ = {
			isa = XCBuildConfiguration;
			buildSettings = {
				ALWAYS_SEARCH_USER_PATHS = NO;
				CLANG_ANALYZER_NONNULL = YES;
				CLANG_ANALYZER_NUMBER_OBJECT_CONVERSION = YES_AGGRESSIVE;
				CLANG_CXX_LANGUAGE_STANDARD = "gnu++14";
				CLANG_CXX_LIBRARY = "libc++";
				CLANG_ENABLE_MODULES = YES;
				CLANG_ENABLE_OBJC_ARC = YES;
				CLANG_WARN_BLOCK_CAPTURE_AUTORELEASING = YES;
				CLANG_WARN_BOOL_CONVERSION = YES;
				CLANG_WARN_COMMA = YES;
				CLANG_WARN_CONSTANT_CONVERSION = YES;
				CLANG_WARN_DIRECT_OBJC_ISA_USAGE = YES_ERROR;
				CLANG_WARN_DOCUMENTATION_COMMENTS = YES;
				CLANG_WARN_EMPTY_BODY = YES;
				CLANG_WARN_ENUM_CONVERSION = YES;
				CLANG_WARN_INFINITE_RECURSION = YES;
				CLANG_WARN_INT_CONVERSION = YES;
				CLANG_WARN_NON_LITERAL_NULL_CONVERSION = YES;
				CLANG_WARN_OBJC_LITERAL_CONVERSION = YES;
				CLANG_WARN_OBJC_ROOT_CLASS = YES_ERROR;
				CLANG_WARN_RANGE_LOOP_ANALYSIS = YES;
				CLANG_WARN_STRICT_PROTOTYPES = YES;
				CLANG_WARN_SUSPICIOUS_MOVE = YES;
				CLANG_WARN_UNGUARDED_AVAILABILITY = YES_AGGRESSIVE;
				CLANG_WARN_UNREACHABLE_CODE = YES;
				CLANG_WARN__DUPLICATE_METHOD_MATCH = YES;
				CODE_SIGN_IDENTITY = "iPhone Developer";
				COPY_PHASE_STRIP = NO;
				DEBUG_INFORMATION_FORMAT = dwarf;
				ENABLE_STRICT_OBJC_MSGSEND = YES;
				ENABLE_TESTABILITY = YES;
				GCC_C_LANGUAGE_STANDARD = gnu11;
				GCC_DYNAMIC_NO_PIC = NO;
				GCC_NO_COMMON_BLOCKS = YES;
				GCC_OPTIMIZATION_LEVEL = 0;
				GCC_PREPROCESSOR_DEFINITIONS = (
					"DEBUG=1",
					"$(inherited)",
				);
				GCC_WARN_64_TO_32_BIT_CONVERSION = YES;
				GCC_WARN_ABOUT_RETURN_TYPE = YES_ERROR;
				GCC_WARN_UNDECLARED_SELECTOR = YES;
				GCC_WARN_UNINITIALIZED_AUTOS = YES_AGGRESSIVE;
				GCC_WARN_UNUSED_FUNCTION = YES;
				GCC_WARN_UNUSED_VARIABLE = YES;
				IPHONEOS_DEPLOYMENT_TARGET = 11.2;
				MTL_ENABLE_DEBUG_INFO = YES;
				ONLY_ACTIVE_ARCH = YES;
				SDKROOT = iphoneos;
				SWIFT_ACTIVE_COMPILATION_CONDITIONS = DEBUG;
				SWIFT_OPTIMIZATION_LEVEL = "-Onone";
			};
			name = Debug;
		};
		CF3FB7C02004379C004B9B6E /* Release */ = {
			isa = XCBuildConfiguration;
			buildSettings = {
				ALWAYS_SEARCH_USER_PATHS = NO;
				CLANG_ANALYZER_NONNULL = YES;
				CLANG_ANALYZER_NUMBER_OBJECT_CONVERSION = YES_AGGRESSIVE;
				CLANG_CXX_LANGUAGE_STANDARD = "gnu++14";
				CLANG_CXX_LIBRARY = "libc++";
				CLANG_ENABLE_MODULES = YES;
				CLANG_ENABLE_OBJC_ARC = YES;
				CLANG_WARN_BLOCK_CAPTURE_AUTORELEASING = YES;
				CLANG_WARN_BOOL_CONVERSION = YES;
				CLANG_WARN_COMMA = YES;
				CLANG_WARN_CONSTANT_CONVERSION = YES;
				CLANG_WARN_DIRECT_OBJC_ISA_USAGE = YES_ERROR;
				CLANG_WARN_DOCUMENTATION_COMMENTS = YES;
				CLANG_WARN_EMPTY_BODY = YES;
				CLANG_WARN_ENUM_CONVERSION = YES;
				CLANG_WARN_INFINITE_RECURSION = YES;
				CLANG_WARN_INT_CONVERSION = YES;
				CLANG_WARN_NON_LITERAL_NULL_CONVERSION = YES;
				CLANG_WARN_OBJC_LITERAL_CONVERSION = YES;
				CLANG_WARN_OBJC_ROOT_CLASS = YES_ERROR;
				CLANG_WARN_RANGE_LOOP_ANALYSIS = YES;
				CLANG_WARN_STRICT_PROTOTYPES = YES;
				CLANG_WARN_SUSPICIOUS_MOVE = YES;
				CLANG_WARN_UNGUARDED_AVAILABILITY = YES_AGGRESSIVE;
				CLANG_WARN_UNREACHABLE_CODE = YES;
				CLANG_WARN__DUPLICATE_METHOD_MATCH = YES;
				CODE_SIGN_IDENTITY = "iPhone Developer";
				COPY_PHASE_STRIP = NO;
				DEBUG_INFORMATION_FORMAT = "dwarf-with-dsym";
				ENABLE_NS_ASSERTIONS = NO;
				ENABLE_STRICT_OBJC_MSGSEND = YES;
				GCC_C_LANGUAGE_STANDARD = gnu11;
				GCC_NO_COMMON_BLOCKS = YES;
				GCC_WARN_64_TO_32_BIT_CONVERSION = YES;
				GCC_WARN_ABOUT_RETURN_TYPE = YES_ERROR;
				GCC_WARN_UNDECLARED_SELECTOR = YES;
				GCC_WARN_UNINITIALIZED_AUTOS = YES_AGGRESSIVE;
				GCC_WARN_UNUSED_FUNCTION = YES;
				GCC_WARN_UNUSED_VARIABLE = YES;
				IPHONEOS_DEPLOYMENT_TARGET = 11.2;
				MTL_ENABLE_DEBUG_INFO = NO;
				SDKROOT = iphoneos;
				SWIFT_OPTIMIZATION_LEVEL = "-Owholemodule";
				VALIDATE_PRODUCT = YES;
			};
			name = Release;
		};
		CF3FB7C22004379C004B9B6E /* Debug */ = {
			isa = XCBuildConfiguration;
			buildSettings = {
				ASSETCATALOG_COMPILER_APPICON_NAME = AppIcon;
				CODE_SIGN_STYLE = Automatic;
				DEVELOPMENT_TEAM = VZVF9C5U6A;
				INFOPLIST_FILE = Bullseye/Info.plist;
				LD_RUNPATH_SEARCH_PATHS = "$(inherited) @executable_path/Frameworks";
				PRODUCT_BUNDLE_IDENTIFIER = com.zachary.Bullseye;
				PRODUCT_NAME = "$(TARGET_NAME)";
				SWIFT_VERSION = 4.0;
				TARGETED_DEVICE_FAMILY = "1,2";
			};
			name = Debug;
		};
		CF3FB7C32004379C004B9B6E /* Release */ = {
			isa = XCBuildConfiguration;
			buildSettings = {
				ASSETCATALOG_COMPILER_APPICON_NAME = AppIcon;
				CODE_SIGN_STYLE = Automatic;
				DEVELOPMENT_TEAM = VZVF9C5U6A;
				INFOPLIST_FILE = Bullseye/Info.plist;
				LD_RUNPATH_SEARCH_PATHS = "$(inherited) @executable_path/Frameworks";
				PRODUCT_BUNDLE_IDENTIFIER = com.zachary.Bullseye;
				PRODUCT_NAME = "$(TARGET_NAME)";
				SWIFT_VERSION = 4.0;
				TARGETED_DEVICE_FAMILY = "1,2";
			};
			name = Release;
		};
		CF3FB7C52004379C004B9B6E /* Debug */ = {
			isa = XCBuildConfiguration;
			buildSettings = {
				ALWAYS_EMBED_SWIFT_STANDARD_LIBRARIES = YES;
				BUNDLE_LOADER = "$(TEST_HOST)";
				CODE_SIGN_STYLE = Automatic;
				DEVELOPMENT_TEAM = VZVF9C5U6A;
				INFOPLIST_FILE = BullseyeTests/Info.plist;
				LD_RUNPATH_SEARCH_PATHS = "$(inherited) @executable_path/Frameworks @loader_path/Frameworks";
				PRODUCT_BUNDLE_IDENTIFIER = com.zachary.BullseyeTests;
				PRODUCT_NAME = "$(TARGET_NAME)";
				SWIFT_VERSION = 4.0;
				TARGETED_DEVICE_FAMILY = "1,2";
				TEST_HOST = "$(BUILT_PRODUCTS_DIR)/Bullseye.app/Bullseye";
			};
			name = Debug;
		};
		CF3FB7C62004379C004B9B6E /* Release */ = {
			isa = XCBuildConfiguration;
			buildSettings = {
				ALWAYS_EMBED_SWIFT_STANDARD_LIBRARIES = YES;
				BUNDLE_LOADER = "$(TEST_HOST)";
				CODE_SIGN_STYLE = Automatic;
				DEVELOPMENT_TEAM = VZVF9C5U6A;
				INFOPLIST_FILE = BullseyeTests/Info.plist;
				LD_RUNPATH_SEARCH_PATHS = "$(inherited) @executable_path/Frameworks @loader_path/Frameworks";
				PRODUCT_BUNDLE_IDENTIFIER = com.zachary.BullseyeTests;
				PRODUCT_NAME = "$(TARGET_NAME)";
				SWIFT_VERSION = 4.0;
				TARGETED_DEVICE_FAMILY = "1,2";
				TEST_HOST = "$(BUILT_PRODUCTS_DIR)/Bullseye.app/Bullseye";
			};
			name = Release;
		};
		CF3FB7C82004379C004B9B6E /* Debug */ = {
			isa = XCBuildConfiguration;
			buildSettings = {
				ALWAYS_EMBED_SWIFT_STANDARD_LIBRARIES = YES;
				CODE_SIGN_STYLE = Automatic;
				DEVELOPMENT_TEAM = VZVF9C5U6A;
				INFOPLIST_FILE = BullseyeUITests/Info.plist;
				LD_RUNPATH_SEARCH_PATHS = "$(inherited) @executable_path/Frameworks @loader_path/Frameworks";
				PRODUCT_BUNDLE_IDENTIFIER = com.zachary.BullseyeUITests;
				PRODUCT_NAME = "$(TARGET_NAME)";
				SWIFT_VERSION = 4.0;
				TARGETED_DEVICE_FAMILY = "1,2";
				TEST_TARGET_NAME = Bullseye;
			};
			name = Debug;
		};
		CF3FB7C92004379C004B9B6E /* Release */ = {
			isa = XCBuildConfiguration;
			buildSettings = {
				ALWAYS_EMBED_SWIFT_STANDARD_LIBRARIES = YES;
				CODE_SIGN_STYLE = Automatic;
				DEVELOPMENT_TEAM = VZVF9C5U6A;
				INFOPLIST_FILE = BullseyeUITests/Info.plist;
				LD_RUNPATH_SEARCH_PATHS = "$(inherited) @executable_path/Frameworks @loader_path/Frameworks";
				PRODUCT_BUNDLE_IDENTIFIER = com.zachary.BullseyeUITests;
				PRODUCT_NAME = "$(TARGET_NAME)";
				SWIFT_VERSION = 4.0;
				TARGETED_DEVICE_FAMILY = "1,2";
				TEST_TARGET_NAME = Bullseye;
			};
			name = Release;
		};
/* End XCBuildConfiguration section */

/* Begin XCConfigurationList section */
		CF3FB7942004379B004B9B6E /* Build configuration list for PBXProject "Bullseye" */ = {
			isa = XCConfigurationList;
			buildConfigurations = (
				CF3FB7BF2004379C004B9B6E /* Debug */,
				CF3FB7C02004379C004B9B6E /* Release */,
			);
			defaultConfigurationIsVisible = 0;
			defaultConfigurationName = Release;
		};
		CF3FB7C12004379C004B9B6E /* Build configuration list for PBXNativeTarget "Bullseye" */ = {
			isa = XCConfigurationList;
			buildConfigurations = (
				CF3FB7C22004379C004B9B6E /* Debug */,
				CF3FB7C32004379C004B9B6E /* Release */,
			);
			defaultConfigurationIsVisible = 0;
			defaultConfigurationName = Release;
		};
		CF3FB7C42004379C004B9B6E /* Build configuration list for PBXNativeTarget "BullseyeTests" */ = {
			isa = XCConfigurationList;
			buildConfigurations = (
				CF3FB7C52004379C004B9B6E /* Debug */,
				CF3FB7C62004379C004B9B6E /* Release */,
			);
			defaultConfigurationIsVisible = 0;
			defaultConfigurationName = Release;
		};
		CF3FB7C72004379C004B9B6E /* Build configuration list for PBXNativeTarget "BullseyeUITests" */ = {
			isa = XCConfigurationList;
			buildConfigurations = (
				CF3FB7C82004379C004B9B6E /* Debug */,
				CF3FB7C92004379C004B9B6E /* Release */,
			);
			defaultConfigurationIsVisible = 0;
			defaultConfigurationName = Release;
		};
/* End XCConfigurationList section */
	};
	rootObject = CF3FB7912004379B004B9B6E /* Project object */;
}
